
Microsoft Visual Studio Solution File, Format Version 12.00
# Visual Studio 15
VisualStudioVersion = 15.0.28307.2017
MinimumVisualStudioVersion = 10.0.40219.1
Project("{FAE04EC0-301F-11D3-BF4B-00C04F79EFBC}") = "testWebiste", "testWebiste\testWebiste.csproj", "{D894D6AF-8F02-4321-98CF-9B11DBF00247}"
EndProject
Global
	GlobalSection(SolutionConfigurationPlatforms) = preSolution
		Debug|Any CPU = Debug|Any CPU
		Release|Any CPU = Release|Any CPU
	EndGlobalSection
	GlobalSection(ProjectConfigurationPlatforms) = postSolution
		{D894D6AF-8F02-4321-98CF-9B11DBF00247}.Debug|Any CPU.ActiveCfg = Debug|Any CPU
		{D894D6AF-8F02-4321-98CF-9B11DBF00247}.Debug|Any CPU.Build.0 = Debug|Any CPU
		{D894D6AF-8F02-4321-98CF-9B11DBF00247}.Release|Any CPU.ActiveCfg = Release|Any CPU
		{D894D6AF-8F02-4321-98CF-9B11DBF00247}.Release|Any CPU.Build.0 = Release|Any CPU
	EndGlobalSection
	GlobalSection(SolutionProperties) = preSolution
		HideSolutionNode = FALSE
	EndGlobalSection
	GlobalSection(ExtensibilityGlobals) = postSolution
		SolutionGuid = {61B94FC4-CBD3-4CF7-AE10-D8C508DBD36E}
	EndGlobalSection
EndGlobal
